
Microsoft Visual Studio Solution File, Format Version 12.00
# Visual Studio Version 16
VisualStudioVersion = 16.0.31729.503
MinimumVisualStudioVersion = 10.0.40219.1
Project("{9A19103F-16F7-4668-BE54-9A1E7A4F7556}") = "Jinaga", "Jinaga\Jinaga.csproj", "{08D2D6FD-7E46-4B9C-8EBB-BF8EF1D0974B}"
EndProject
Project("{9A19103F-16F7-4668-BE54-9A1E7A4F7556}") = "Jinaga.Test", "Jinaga.Test\Jinaga.Test.csproj", "{B907D523-F870-40D2-A40E-C704E38AC42C}"
EndProject
Project("{FAE04EC0-301F-11D3-BF4B-00C04F79EFBC}") = "Jinaga.iOS", "Jinaga.iOS\Jinaga.iOS.csproj", "{4265C7F0-D85B-4DAD-B0FB-4D0627AD1DA8}"
EndProject
Project("{FAE04EC0-301F-11D3-BF4B-00C04F79EFBC}") = "Jinaga.Android", "Jinaga.Android\Jinaga.Android.csproj", "{61995594-94A3-4F5E-97C8-882AE0CA8884}"
EndProject
Project("{FAE04EC0-301F-11D3-BF4B-00C04F79EFBC}") = "SampleApp.iOS", "SampleApp.iOS\SampleApp.iOS.csproj", "{1D0E3A7A-FADC-4159-9C92-5599666EFAED}"
EndProject
Project("{2150E333-8FDC-42A3-9474-1A3956D46DE8}") = "Core", "Core", "{554E5584-2CBE-4BCE-91C7-717994FAAE3A}"
EndProject
Project("{2150E333-8FDC-42A3-9474-1A3956D46DE8}") = "iOS", "iOS", "{BFF04A05-3F3A-470E-AEAD-F4CD9DA47E27}"
EndProject
Project("{2150E333-8FDC-42A3-9474-1A3956D46DE8}") = "Android", "Android", "{1144F476-1D2A-4FE7-A836-AE5DCEDF1963}"
EndProject
Project("{FAE04EC0-301F-11D3-BF4B-00C04F79EFBC}") = "SampleApp.Android", "Jinaga.Android\SampleApp.Android\SampleApp.Android.csproj", "{D46A6F8A-C984-4A0C-BBEB-185542AAF6FC}"
EndProject
Project("{9A19103F-16F7-4668-BE54-9A1E7A4F7556}") = "Jinaga.UnitTest", "Jinaga.UnitTest\Jinaga.UnitTest.csproj", "{EE103BF1-C934-4E86-A9BE-D2FA91667873}"
EndProject
Project("{9A19103F-16F7-4668-BE54-9A1E7A4F7556}") = "Jinaga.Graphviz", "Jinaga.Graphviz\Jinaga.Graphviz.csproj", "{827789E7-7CFC-412D-8085-99EA2F044F3A}"
EndProject
Project("{FAE04EC0-301F-11D3-BF4B-00C04F79EFBC}") = "Jinaga.Store.SQLite", "Jinaga.Store.SQLite\Jinaga.Store.SQLite.csproj", "{3C1B3473-46EB-425C-8F5F-4D2282FE29E8}"
EndProject
Global
	GlobalSection(SolutionConfigurationPlatforms) = preSolution
		Debug|Any CPU = Debug|Any CPU
		Debug|iPhone = Debug|iPhone
		Debug|iPhoneSimulator = Debug|iPhoneSimulator
		Release|Any CPU = Release|Any CPU
		Release|iPhone = Release|iPhone
		Release|iPhoneSimulator = Release|iPhoneSimulator
	EndGlobalSection
	GlobalSection(ProjectConfigurationPlatforms) = postSolution
		{08D2D6FD-7E46-4B9C-8EBB-BF8EF1D0974B}.Debug|Any CPU.ActiveCfg = Debug|Any CPU
		{08D2D6FD-7E46-4B9C-8EBB-BF8EF1D0974B}.Debug|Any CPU.Build.0 = Debug|Any CPU
		{08D2D6FD-7E46-4B9C-8EBB-BF8EF1D0974B}.Debug|iPhone.ActiveCfg = Debug|Any CPU
		{08D2D6FD-7E46-4B9C-8EBB-BF8EF1D0974B}.Debug|iPhone.Build.0 = Debug|Any CPU
		{08D2D6FD-7E46-4B9C-8EBB-BF8EF1D0974B}.Debug|iPhoneSimulator.ActiveCfg = Debug|Any CPU
		{08D2D6FD-7E46-4B9C-8EBB-BF8EF1D0974B}.Debug|iPhoneSimulator.Build.0 = Debug|Any CPU
		{08D2D6FD-7E46-4B9C-8EBB-BF8EF1D0974B}.Release|Any CPU.ActiveCfg = Release|Any CPU
		{08D2D6FD-7E46-4B9C-8EBB-BF8EF1D0974B}.Release|Any CPU.Build.0 = Release|Any CPU
		{08D2D6FD-7E46-4B9C-8EBB-BF8EF1D0974B}.Release|iPhone.ActiveCfg = Release|Any CPU
		{08D2D6FD-7E46-4B9C-8EBB-BF8EF1D0974B}.Release|iPhone.Build.0 = Release|Any CPU
		{08D2D6FD-7E46-4B9C-8EBB-BF8EF1D0974B}.Release|iPhoneSimulator.ActiveCfg = Release|Any CPU
		{08D2D6FD-7E46-4B9C-8EBB-BF8EF1D0974B}.Release|iPhoneSimulator.Build.0 = Release|Any CPU
		{B907D523-F870-40D2-A40E-C704E38AC42C}.Debug|Any CPU.ActiveCfg = Debug|Any CPU
		{B907D523-F870-40D2-A40E-C704E38AC42C}.Debug|Any CPU.Build.0 = Debug|Any CPU
		{B907D523-F870-40D2-A40E-C704E38AC42C}.Debug|iPhone.ActiveCfg = Debug|Any CPU
		{B907D523-F870-40D2-A40E-C704E38AC42C}.Debug|iPhone.Build.0 = Debug|Any CPU
		{B907D523-F870-40D2-A40E-C704E38AC42C}.Debug|iPhoneSimulator.ActiveCfg = Debug|Any CPU
		{B907D523-F870-40D2-A40E-C704E38AC42C}.Debug|iPhoneSimulator.Build.0 = Debug|Any CPU
		{B907D523-F870-40D2-A40E-C704E38AC42C}.Release|Any CPU.ActiveCfg = Release|Any CPU
		{B907D523-F870-40D2-A40E-C704E38AC42C}.Release|Any CPU.Build.0 = Release|Any CPU
		{B907D523-F870-40D2-A40E-C704E38AC42C}.Release|iPhone.ActiveCfg = Release|Any CPU
		{B907D523-F870-40D2-A40E-C704E38AC42C}.Release|iPhone.Build.0 = Release|Any CPU
		{B907D523-F870-40D2-A40E-C704E38AC42C}.Release|iPhoneSimulator.ActiveCfg = Release|Any CPU
		{B907D523-F870-40D2-A40E-C704E38AC42C}.Release|iPhoneSimulator.Build.0 = Release|Any CPU
		{4265C7F0-D85B-4DAD-B0FB-4D0627AD1DA8}.Debug|Any CPU.ActiveCfg = Debug|Any CPU
		{4265C7F0-D85B-4DAD-B0FB-4D0627AD1DA8}.Debug|Any CPU.Build.0 = Debug|Any CPU
		{4265C7F0-D85B-4DAD-B0FB-4D0627AD1DA8}.Debug|iPhone.ActiveCfg = Debug|Any CPU
		{4265C7F0-D85B-4DAD-B0FB-4D0627AD1DA8}.Debug|iPhone.Build.0 = Debug|Any CPU
		{4265C7F0-D85B-4DAD-B0FB-4D0627AD1DA8}.Debug|iPhoneSimulator.ActiveCfg = Debug|Any CPU
		{4265C7F0-D85B-4DAD-B0FB-4D0627AD1DA8}.Debug|iPhoneSimulator.Build.0 = Debug|Any CPU
		{4265C7F0-D85B-4DAD-B0FB-4D0627AD1DA8}.Release|Any CPU.ActiveCfg = Release|Any CPU
		{4265C7F0-D85B-4DAD-B0FB-4D0627AD1DA8}.Release|Any CPU.Build.0 = Release|Any CPU
		{4265C7F0-D85B-4DAD-B0FB-4D0627AD1DA8}.Release|iPhone.ActiveCfg = Release|Any CPU
		{4265C7F0-D85B-4DAD-B0FB-4D0627AD1DA8}.Release|iPhone.Build.0 = Release|Any CPU
		{4265C7F0-D85B-4DAD-B0FB-4D0627AD1DA8}.Release|iPhoneSimulator.ActiveCfg = Release|Any CPU
		{4265C7F0-D85B-4DAD-B0FB-4D0627AD1DA8}.Release|iPhoneSimulator.Build.0 = Release|Any CPU
		{61995594-94A3-4F5E-97C8-882AE0CA8884}.Debug|Any CPU.ActiveCfg = Debug|Any CPU
		{61995594-94A3-4F5E-97C8-882AE0CA8884}.Debug|Any CPU.Build.0 = Debug|Any CPU
		{61995594-94A3-4F5E-97C8-882AE0CA8884}.Debug|iPhone.ActiveCfg = Debug|Any CPU
		{61995594-94A3-4F5E-97C8-882AE0CA8884}.Debug|iPhone.Build.0 = Debug|Any CPU
		{61995594-94A3-4F5E-97C8-882AE0CA8884}.Debug|iPhoneSimulator.ActiveCfg = Debug|Any CPU
		{61995594-94A3-4F5E-97C8-882AE0CA8884}.Debug|iPhoneSimulator.Build.0 = Debug|Any CPU
		{61995594-94A3-4F5E-97C8-882AE0CA8884}.Release|Any CPU.ActiveCfg = Release|Any CPU
		{61995594-94A3-4F5E-97C8-882AE0CA8884}.Release|Any CPU.Build.0 = Release|Any CPU
		{61995594-94A3-4F5E-97C8-882AE0CA8884}.Release|iPhone.ActiveCfg = Release|Any CPU
		{61995594-94A3-4F5E-97C8-882AE0CA8884}.Release|iPhone.Build.0 = Release|Any CPU
		{61995594-94A3-4F5E-97C8-882AE0CA8884}.Release|iPhoneSimulator.ActiveCfg = Release|Any CPU
		{61995594-94A3-4F5E-97C8-882AE0CA8884}.Release|iPhoneSimulator.Build.0 = Release|Any CPU
		{1D0E3A7A-FADC-4159-9C92-5599666EFAED}.Debug|Any CPU.ActiveCfg = Debug|iPhoneSimulator
		{1D0E3A7A-FADC-4159-9C92-5599666EFAED}.Debug|iPhone.ActiveCfg = Debug|iPhone
		{1D0E3A7A-FADC-4159-9C92-5599666EFAED}.Debug|iPhone.Build.0 = Debug|iPhone
		{1D0E3A7A-FADC-4159-9C92-5599666EFAED}.Debug|iPhoneSimulator.ActiveCfg = Debug|iPhoneSimulator
		{1D0E3A7A-FADC-4159-9C92-5599666EFAED}.Debug|iPhoneSimulator.Build.0 = Debug|iPhoneSimulator
		{1D0E3A7A-FADC-4159-9C92-5599666EFAED}.Release|Any CPU.ActiveCfg = Release|iPhoneSimulator
		{1D0E3A7A-FADC-4159-9C92-5599666EFAED}.Release|iPhone.ActiveCfg = Release|iPhone
		{1D0E3A7A-FADC-4159-9C92-5599666EFAED}.Release|iPhone.Build.0 = Release|iPhone
		{1D0E3A7A-FADC-4159-9C92-5599666EFAED}.Release|iPhoneSimulator.ActiveCfg = Release|iPhoneSimulator
		{1D0E3A7A-FADC-4159-9C92-5599666EFAED}.Release|iPhoneSimulator.Build.0 = Release|iPhoneSimulator
		{D46A6F8A-C984-4A0C-BBEB-185542AAF6FC}.Debug|Any CPU.ActiveCfg = Debug|Any CPU
		{D46A6F8A-C984-4A0C-BBEB-185542AAF6FC}.Debug|Any CPU.Build.0 = Debug|Any CPU
		{D46A6F8A-C984-4A0C-BBEB-185542AAF6FC}.Debug|Any CPU.Deploy.0 = Debug|Any CPU
		{D46A6F8A-C984-4A0C-BBEB-185542AAF6FC}.Debug|iPhone.ActiveCfg = Debug|Any CPU
		{D46A6F8A-C984-4A0C-BBEB-185542AAF6FC}.Debug|iPhone.Build.0 = Debug|Any CPU
		{D46A6F8A-C984-4A0C-BBEB-185542AAF6FC}.Debug|iPhoneSimulator.ActiveCfg = Debug|Any CPU
		{D46A6F8A-C984-4A0C-BBEB-185542AAF6FC}.Debug|iPhoneSimulator.Build.0 = Debug|Any CPU
		{D46A6F8A-C984-4A0C-BBEB-185542AAF6FC}.Release|Any CPU.ActiveCfg = Release|Any CPU
		{D46A6F8A-C984-4A0C-BBEB-185542AAF6FC}.Release|Any CPU.Build.0 = Release|Any CPU
		{D46A6F8A-C984-4A0C-BBEB-185542AAF6FC}.Release|Any CPU.Deploy.0 = Release|Any CPU
		{D46A6F8A-C984-4A0C-BBEB-185542AAF6FC}.Release|iPhone.ActiveCfg = Release|Any CPU
		{D46A6F8A-C984-4A0C-BBEB-185542AAF6FC}.Release|iPhone.Build.0 = Release|Any CPU
		{D46A6F8A-C984-4A0C-BBEB-185542AAF6FC}.Release|iPhoneSimulator.ActiveCfg = Release|Any CPU
		{D46A6F8A-C984-4A0C-BBEB-185542AAF6FC}.Release|iPhoneSimulator.Build.0 = Release|Any CPU
		{EE103BF1-C934-4E86-A9BE-D2FA91667873}.Debug|Any CPU.ActiveCfg = Debug|Any CPU
		{EE103BF1-C934-4E86-A9BE-D2FA91667873}.Debug|Any CPU.Build.0 = Debug|Any CPU
		{EE103BF1-C934-4E86-A9BE-D2FA91667873}.Debug|iPhone.ActiveCfg = Debug|Any CPU
		{EE103BF1-C934-4E86-A9BE-D2FA91667873}.Debug|iPhone.Build.0 = Debug|Any CPU
		{EE103BF1-C934-4E86-A9BE-D2FA91667873}.Debug|iPhoneSimulator.ActiveCfg = Debug|Any CPU
		{EE103BF1-C934-4E86-A9BE-D2FA91667873}.Debug|iPhoneSimulator.Build.0 = Debug|Any CPU
		{EE103BF1-C934-4E86-A9BE-D2FA91667873}.Release|Any CPU.ActiveCfg = Release|Any CPU
		{EE103BF1-C934-4E86-A9BE-D2FA91667873}.Release|Any CPU.Build.0 = Release|Any CPU
		{EE103BF1-C934-4E86-A9BE-D2FA91667873}.Release|iPhone.ActiveCfg = Release|Any CPU
		{EE103BF1-C934-4E86-A9BE-D2FA91667873}.Release|iPhone.Build.0 = Release|Any CPU
		{EE103BF1-C934-4E86-A9BE-D2FA91667873}.Release|iPhoneSimulator.ActiveCfg = Release|Any CPU
		{EE103BF1-C934-4E86-A9BE-D2FA91667873}.Release|iPhoneSimulator.Build.0 = Release|Any CPU
		{827789E7-7CFC-412D-8085-99EA2F044F3A}.Debug|Any CPU.ActiveCfg = Debug|Any CPU
		{827789E7-7CFC-412D-8085-99EA2F044F3A}.Debug|Any CPU.Build.0 = Debug|Any CPU
		{827789E7-7CFC-412D-8085-99EA2F044F3A}.Debug|iPhone.ActiveCfg = Debug|Any CPU
		{827789E7-7CFC-412D-8085-99EA2F044F3A}.Debug|iPhone.Build.0 = Debug|Any CPU
		{827789E7-7CFC-412D-8085-99EA2F044F3A}.Debug|iPhoneSimulator.ActiveCfg = Debug|Any CPU
		{827789E7-7CFC-412D-8085-99EA2F044F3A}.Debug|iPhoneSimulator.Build.0 = Debug|Any CPU
		{827789E7-7CFC-412D-8085-99EA2F044F3A}.Release|Any CPU.ActiveCfg = Release|Any CPU
		{827789E7-7CFC-412D-8085-99EA2F044F3A}.Release|Any CPU.Build.0 = Release|Any CPU
		{827789E7-7CFC-412D-8085-99EA2F044F3A}.Release|iPhone.ActiveCfg = Release|Any CPU
		{827789E7-7CFC-412D-8085-99EA2F044F3A}.Release|iPhone.Build.0 = Release|Any CPU
		{827789E7-7CFC-412D-8085-99EA2F044F3A}.Release|iPhoneSimulator.ActiveCfg = Release|Any CPU
		{827789E7-7CFC-412D-8085-99EA2F044F3A}.Release|iPhoneSimulator.Build.0 = Release|Any CPU
		{3C1B3473-46EB-425C-8F5F-4D2282FE29E8}.Debug|Any CPU.ActiveCfg = Debug|Any CPU
		{3C1B3473-46EB-425C-8F5F-4D2282FE29E8}.Debug|Any CPU.Build.0 = Debug|Any CPU
		{3C1B3473-46EB-425C-8F5F-4D2282FE29E8}.Debug|iPhone.ActiveCfg = Debug|Any CPU
		{3C1B3473-46EB-425C-8F5F-4D2282FE29E8}.Debug|iPhone.Build.0 = Debug|Any CPU
		{3C1B3473-46EB-425C-8F5F-4D2282FE29E8}.Debug|iPhoneSimulator.ActiveCfg = Debug|Any CPU
		{3C1B3473-46EB-425C-8F5F-4D2282FE29E8}.Debug|iPhoneSimulator.Build.0 = Debug|Any CPU
		{3C1B3473-46EB-425C-8F5F-4D2282FE29E8}.Release|Any CPU.ActiveCfg = Release|Any CPU
		{3C1B3473-46EB-425C-8F5F-4D2282FE29E8}.Release|Any CPU.Build.0 = Release|Any CPU
		{3C1B3473-46EB-425C-8F5F-4D2282FE29E8}.Release|iPhone.ActiveCfg = Release|Any CPU
		{3C1B3473-46EB-425C-8F5F-4D2282FE29E8}.Release|iPhone.Build.0 = Release|Any CPU
		{3C1B3473-46EB-425C-8F5F-4D2282FE29E8}.Release|iPhoneSimulator.ActiveCfg = Release|Any CPU
		{3C1B3473-46EB-425C-8F5F-4D2282FE29E8}.Release|iPhoneSimulator.Build.0 = Release|Any CPU
	EndGlobalSection
	GlobalSection(SolutionProperties) = preSolution
		HideSolutionNode = FALSE
	EndGlobalSection
	GlobalSection(NestedProjects) = preSolution
		{08D2D6FD-7E46-4B9C-8EBB-BF8EF1D0974B} = {554E5584-2CBE-4BCE-91C7-717994FAAE3A}
		{B907D523-F870-40D2-A40E-C704E38AC42C} = {554E5584-2CBE-4BCE-91C7-717994FAAE3A}
		{4265C7F0-D85B-4DAD-B0FB-4D0627AD1DA8} = {BFF04A05-3F3A-470E-AEAD-F4CD9DA47E27}
		{61995594-94A3-4F5E-97C8-882AE0CA8884} = {1144F476-1D2A-4FE7-A836-AE5DCEDF1963}
		{1D0E3A7A-FADC-4159-9C92-5599666EFAED} = {BFF04A05-3F3A-470E-AEAD-F4CD9DA47E27}
		{D46A6F8A-C984-4A0C-BBEB-185542AAF6FC} = {1144F476-1D2A-4FE7-A836-AE5DCEDF1963}
		{EE103BF1-C934-4E86-A9BE-D2FA91667873} = {554E5584-2CBE-4BCE-91C7-717994FAAE3A}
		{3C1B3473-46EB-425C-8F5F-4D2282FE29E8} = {554E5584-2CBE-4BCE-91C7-717994FAAE3A}
	EndGlobalSection
	GlobalSection(ExtensibilityGlobals) = postSolution
		SolutionGuid = {8B0B5D11-B0C0-4EEF-85EE-BFBEDEBC8B12}
	EndGlobalSection
EndGlobal
