
Microsoft Visual Studio Solution File, Format Version 12.00
# Visual Studio Version 17
VisualStudioVersion = 17.3.32825.248
MinimumVisualStudioVersion = 10.0.40219.1
Project("{9A19103F-16F7-4668-BE54-9A1E7A4F7556}") = "Jinaga", "Jinaga\Jinaga.csproj", "{08D2D6FD-7E46-4B9C-8EBB-BF8EF1D0974B}"
EndProject
Project("{9A19103F-16F7-4668-BE54-9A1E7A4F7556}") = "Jinaga.Test", "Jinaga.Test\Jinaga.Test.csproj", "{B907D523-F870-40D2-A40E-C704E38AC42C}"
EndProject
Project("{2150E333-8FDC-42A3-9474-1A3956D46DE8}") = "Core", "Core", "{554E5584-2CBE-4BCE-91C7-717994FAAE3A}"
EndProject
Project("{2150E333-8FDC-42A3-9474-1A3956D46DE8}") = "iOS", "iOS", "{BFF04A05-3F3A-470E-AEAD-F4CD9DA47E27}"
EndProject
Project("{2150E333-8FDC-42A3-9474-1A3956D46DE8}") = "Android", "Android", "{1144F476-1D2A-4FE7-A836-AE5DCEDF1963}"
EndProject
Project("{9A19103F-16F7-4668-BE54-9A1E7A4F7556}") = "Jinaga.UnitTest", "Jinaga.UnitTest\Jinaga.UnitTest.csproj", "{EE103BF1-C934-4E86-A9BE-D2FA91667873}"
EndProject
Project("{9A19103F-16F7-4668-BE54-9A1E7A4F7556}") = "Jinaga.Graphviz", "Jinaga.Graphviz\Jinaga.Graphviz.csproj", "{827789E7-7CFC-412D-8085-99EA2F044F3A}"
EndProject
Project("{2150E333-8FDC-42A3-9474-1A3956D46DE8}") = "Solution Items", "Solution Items", "{CC5D6579-5909-4CB3-952F-7A6CBF9B8F4A}"
	ProjectSection(SolutionItems) = preProject
		Building.md = Building.md
		README.md = README.md
	EndProjectSection
EndProject
Project("{2150E333-8FDC-42A3-9474-1A3956D46DE8}") = "GitHub", "GitHub", "{A404E0D6-AA83-4541-ADDB-3410930AFD29}"
	ProjectSection(SolutionItems) = preProject
		.github\workflows\build-test.yml = .github\workflows\build-test.yml
		.github\workflows\nuget.yml = .github\workflows\nuget.yml
	EndProjectSection
EndProject
Project("{2150E333-8FDC-42A3-9474-1A3956D46DE8}") = "Tools", "Tools", "{9928AE02-0EF9-41A8-B439-9D5BD0003B43}"
EndProject
Project("{FAE04EC0-301F-11D3-BF4B-00C04F79EFBC}") = "ImprovingTest", "ImprovingTest\ImprovingTest.csproj", "{A64ED136-60F8-4A08-9C9A-6E3A00A4937E}"
EndProject
Global
	GlobalSection(SolutionConfigurationPlatforms) = preSolution
		Debug|Any CPU = Debug|Any CPU
		Debug|iPhone = Debug|iPhone
		Debug|iPhoneSimulator = Debug|iPhoneSimulator
		Release|Any CPU = Release|Any CPU
		Release|iPhone = Release|iPhone
		Release|iPhoneSimulator = Release|iPhoneSimulator
	EndGlobalSection
	GlobalSection(ProjectConfigurationPlatforms) = postSolution
		{08D2D6FD-7E46-4B9C-8EBB-BF8EF1D0974B}.Debug|Any CPU.ActiveCfg = Debug|Any CPU
		{08D2D6FD-7E46-4B9C-8EBB-BF8EF1D0974B}.Debug|Any CPU.Build.0 = Debug|Any CPU
		{08D2D6FD-7E46-4B9C-8EBB-BF8EF1D0974B}.Debug|iPhone.ActiveCfg = Debug|Any CPU
		{08D2D6FD-7E46-4B9C-8EBB-BF8EF1D0974B}.Debug|iPhone.Build.0 = Debug|Any CPU
		{08D2D6FD-7E46-4B9C-8EBB-BF8EF1D0974B}.Debug|iPhoneSimulator.ActiveCfg = Debug|Any CPU
		{08D2D6FD-7E46-4B9C-8EBB-BF8EF1D0974B}.Debug|iPhoneSimulator.Build.0 = Debug|Any CPU
		{08D2D6FD-7E46-4B9C-8EBB-BF8EF1D0974B}.Release|Any CPU.ActiveCfg = Release|Any CPU
		{08D2D6FD-7E46-4B9C-8EBB-BF8EF1D0974B}.Release|Any CPU.Build.0 = Release|Any CPU
		{08D2D6FD-7E46-4B9C-8EBB-BF8EF1D0974B}.Release|iPhone.ActiveCfg = Release|Any CPU
		{08D2D6FD-7E46-4B9C-8EBB-BF8EF1D0974B}.Release|iPhone.Build.0 = Release|Any CPU
		{08D2D6FD-7E46-4B9C-8EBB-BF8EF1D0974B}.Release|iPhoneSimulator.ActiveCfg = Release|Any CPU
		{08D2D6FD-7E46-4B9C-8EBB-BF8EF1D0974B}.Release|iPhoneSimulator.Build.0 = Release|Any CPU
		{B907D523-F870-40D2-A40E-C704E38AC42C}.Debug|Any CPU.ActiveCfg = Debug|Any CPU
		{B907D523-F870-40D2-A40E-C704E38AC42C}.Debug|Any CPU.Build.0 = Debug|Any CPU
		{B907D523-F870-40D2-A40E-C704E38AC42C}.Debug|iPhone.ActiveCfg = Debug|Any CPU
		{B907D523-F870-40D2-A40E-C704E38AC42C}.Debug|iPhone.Build.0 = Debug|Any CPU
		{B907D523-F870-40D2-A40E-C704E38AC42C}.Debug|iPhoneSimulator.ActiveCfg = Debug|Any CPU
		{B907D523-F870-40D2-A40E-C704E38AC42C}.Debug|iPhoneSimulator.Build.0 = Debug|Any CPU
		{B907D523-F870-40D2-A40E-C704E38AC42C}.Release|Any CPU.ActiveCfg = Release|Any CPU
		{B907D523-F870-40D2-A40E-C704E38AC42C}.Release|Any CPU.Build.0 = Release|Any CPU
		{B907D523-F870-40D2-A40E-C704E38AC42C}.Release|iPhone.ActiveCfg = Release|Any CPU
		{B907D523-F870-40D2-A40E-C704E38AC42C}.Release|iPhone.Build.0 = Release|Any CPU
		{B907D523-F870-40D2-A40E-C704E38AC42C}.Release|iPhoneSimulator.ActiveCfg = Release|Any CPU
		{B907D523-F870-40D2-A40E-C704E38AC42C}.Release|iPhoneSimulator.Build.0 = Release|Any CPU
		{EE103BF1-C934-4E86-A9BE-D2FA91667873}.Debug|Any CPU.ActiveCfg = Debug|Any CPU
		{EE103BF1-C934-4E86-A9BE-D2FA91667873}.Debug|Any CPU.Build.0 = Debug|Any CPU
		{EE103BF1-C934-4E86-A9BE-D2FA91667873}.Debug|iPhone.ActiveCfg = Debug|Any CPU
		{EE103BF1-C934-4E86-A9BE-D2FA91667873}.Debug|iPhone.Build.0 = Debug|Any CPU
		{EE103BF1-C934-4E86-A9BE-D2FA91667873}.Debug|iPhoneSimulator.ActiveCfg = Debug|Any CPU
		{EE103BF1-C934-4E86-A9BE-D2FA91667873}.Debug|iPhoneSimulator.Build.0 = Debug|Any CPU
		{EE103BF1-C934-4E86-A9BE-D2FA91667873}.Release|Any CPU.ActiveCfg = Release|Any CPU
		{EE103BF1-C934-4E86-A9BE-D2FA91667873}.Release|Any CPU.Build.0 = Release|Any CPU
		{EE103BF1-C934-4E86-A9BE-D2FA91667873}.Release|iPhone.ActiveCfg = Release|Any CPU
		{EE103BF1-C934-4E86-A9BE-D2FA91667873}.Release|iPhone.Build.0 = Release|Any CPU
		{EE103BF1-C934-4E86-A9BE-D2FA91667873}.Release|iPhoneSimulator.ActiveCfg = Release|Any CPU
		{EE103BF1-C934-4E86-A9BE-D2FA91667873}.Release|iPhoneSimulator.Build.0 = Release|Any CPU
		{827789E7-7CFC-412D-8085-99EA2F044F3A}.Debug|Any CPU.ActiveCfg = Debug|Any CPU
		{827789E7-7CFC-412D-8085-99EA2F044F3A}.Debug|Any CPU.Build.0 = Debug|Any CPU
		{827789E7-7CFC-412D-8085-99EA2F044F3A}.Debug|iPhone.ActiveCfg = Debug|Any CPU
		{827789E7-7CFC-412D-8085-99EA2F044F3A}.Debug|iPhone.Build.0 = Debug|Any CPU
		{827789E7-7CFC-412D-8085-99EA2F044F3A}.Debug|iPhoneSimulator.ActiveCfg = Debug|Any CPU
		{827789E7-7CFC-412D-8085-99EA2F044F3A}.Debug|iPhoneSimulator.Build.0 = Debug|Any CPU
		{827789E7-7CFC-412D-8085-99EA2F044F3A}.Release|Any CPU.ActiveCfg = Release|Any CPU
		{827789E7-7CFC-412D-8085-99EA2F044F3A}.Release|Any CPU.Build.0 = Release|Any CPU
		{827789E7-7CFC-412D-8085-99EA2F044F3A}.Release|iPhone.ActiveCfg = Release|Any CPU
		{827789E7-7CFC-412D-8085-99EA2F044F3A}.Release|iPhone.Build.0 = Release|Any CPU
		{827789E7-7CFC-412D-8085-99EA2F044F3A}.Release|iPhoneSimulator.ActiveCfg = Release|Any CPU
		{827789E7-7CFC-412D-8085-99EA2F044F3A}.Release|iPhoneSimulator.Build.0 = Release|Any CPU
		{A64ED136-60F8-4A08-9C9A-6E3A00A4937E}.Debug|Any CPU.ActiveCfg = Debug|Any CPU
		{A64ED136-60F8-4A08-9C9A-6E3A00A4937E}.Debug|Any CPU.Build.0 = Debug|Any CPU
		{A64ED136-60F8-4A08-9C9A-6E3A00A4937E}.Debug|iPhone.ActiveCfg = Debug|Any CPU
		{A64ED136-60F8-4A08-9C9A-6E3A00A4937E}.Debug|iPhone.Build.0 = Debug|Any CPU
		{A64ED136-60F8-4A08-9C9A-6E3A00A4937E}.Debug|iPhoneSimulator.ActiveCfg = Debug|Any CPU
		{A64ED136-60F8-4A08-9C9A-6E3A00A4937E}.Debug|iPhoneSimulator.Build.0 = Debug|Any CPU
		{A64ED136-60F8-4A08-9C9A-6E3A00A4937E}.Release|Any CPU.ActiveCfg = Release|Any CPU
		{A64ED136-60F8-4A08-9C9A-6E3A00A4937E}.Release|Any CPU.Build.0 = Release|Any CPU
		{A64ED136-60F8-4A08-9C9A-6E3A00A4937E}.Release|iPhone.ActiveCfg = Release|Any CPU
		{A64ED136-60F8-4A08-9C9A-6E3A00A4937E}.Release|iPhone.Build.0 = Release|Any CPU
		{A64ED136-60F8-4A08-9C9A-6E3A00A4937E}.Release|iPhoneSimulator.ActiveCfg = Release|Any CPU
		{A64ED136-60F8-4A08-9C9A-6E3A00A4937E}.Release|iPhoneSimulator.Build.0 = Release|Any CPU
	EndGlobalSection
	GlobalSection(SolutionProperties) = preSolution
		HideSolutionNode = FALSE
	EndGlobalSection
	GlobalSection(NestedProjects) = preSolution
		{08D2D6FD-7E46-4B9C-8EBB-BF8EF1D0974B} = {554E5584-2CBE-4BCE-91C7-717994FAAE3A}
		{B907D523-F870-40D2-A40E-C704E38AC42C} = {554E5584-2CBE-4BCE-91C7-717994FAAE3A}
		{EE103BF1-C934-4E86-A9BE-D2FA91667873} = {554E5584-2CBE-4BCE-91C7-717994FAAE3A}
		{827789E7-7CFC-412D-8085-99EA2F044F3A} = {9928AE02-0EF9-41A8-B439-9D5BD0003B43}
		{A404E0D6-AA83-4541-ADDB-3410930AFD29} = {CC5D6579-5909-4CB3-952F-7A6CBF9B8F4A}
	EndGlobalSection
	GlobalSection(ExtensibilityGlobals) = postSolution
		SolutionGuid = {C3095D0F-7D7D-41BD-9ED1-8A6289DD1E89}
	EndGlobalSection
EndGlobal
